---
lockVersion: 1.0.0
dependencies:
  codeql/cpp-all:
    version: 3.0.0
  codeql/dataflow:
    version: 1.1.7
  codeql/mad:
    version: 1.0.13
  codeql/rangeanalysis:
    version: 1.0.13
  codeql/ssa:
    version: 1.0.13
  codeql/tutorial:
    version: 1.0.13
  codeql/typeflow:
    version: 1.0.13
  codeql/typetracking:
    version: 1.0.13
  codeql/util:
    version: 2.0.0
  codeql/xml:
    version: 1.0.13
compiled: false
